#MicroXplorer Configuration settings - do not modify
Mcu.Family=STM32L4
Dma.TIM4_CH1.1.MemDataAlignment=DMA_MDATAALIGN_HALFWORD
ProjectManager.MainLocation=Core/Src
Dma.TIM4_CH1.1.PeriphDataAlignment=DMA_PDATAALIGN_HALFWORD
RCC.USART1Freq_Value=80000000
RCC.SAI1Freq_Value=18285714.285714287
RCC.CortexFreq_Value=80000000
ProjectManager.KeepUserCode=true
Mcu.UserName=STM32L476RGTx
PB10.Mode=Asynchronous
PH0-OSC_IN\ (PH0).Signal=RCC_OSC_IN
PH0-OSC_IN\ (PH0).Locked=true
RCC.PLLSAI1RoutputFreq_Value=64000000
PC7.Locked=true
Dma.TIM3_CH1/TRIG.0.MemDataAlignment=DMA_MDATAALIGN_HALFWORD
ProjectManager.functionlistsort=1-MX_GPIO_Init-GPIO-false-HAL-true,2-MX_DMA_Init-DMA-false-HAL-true,3-SystemClock_Config-RCC-false-HAL-false,4-MX_USART3_UART_Init-USART3-false-HAL-true,5-MX_TIM3_Init-TIM3-false-HAL-true,6-MX_TIM4_Init-TIM4-false-HAL-true
PA13\ (JTMS-SWDIO).Locked=true
RCC.USART2Freq_Value=80000000
PB11.Signal=USART3_RX
PB13.Signal=GPIO_Output
PinOutPanel.RotationAngle=0
RCC.MCO1PinFreq_Value=80000000
RCC.SYSCLKSource=RCC_SYSCLKSOURCE_PLLCLK
ProjectManager.StackSize=0x400
USART3.VirtualMode-Asynchronous=VM_ASYNC
PA14\ (JTCK-SWCLK).Signal=SYS_JTCK-SWCLK
RCC.I2C3Freq_Value=80000000
RCC.LPTIM1Freq_Value=80000000
Mcu.IP4=TIM3
RCC.FCLKCortexFreq_Value=80000000
Mcu.IP5=TIM4
NVIC.SVCall_IRQn=true\:0\:0\:false\:false\:true\:false\:false
Mcu.IP2=RCC
Mcu.IP3=SYS
Mcu.IP0=DMA
Mcu.IP1=NVIC
Mcu.UserConstants=
RCC.VCOSAI1OutputFreq_Value=128000000
RCC.SDMMCFreq_Value=64000000
PA14\ (JTCK-SWCLK).GPIOParameters=GPIO_Label
Mcu.ThirdPartyNb=0
RCC.HCLKFreq_Value=80000000
Mcu.IPNb=7
ProjectManager.PreviousToolchain=
RCC.APB2TimFreq_Value=80000000
TIM3.Period=100 - 1
PB6.Signal=S_TIM4_CH1
PC7.Signal=GPIO_Output
Mcu.Pin6=PC7
RCC.SAI2Freq_Value=18285714.285714287
Mcu.Pin7=PC8
Mcu.Pin8=PA13 (JTMS-SWDIO)
Mcu.Pin9=PA14 (JTCK-SWCLK)
RCC.AHBFreq_Value=80000000
RCC.PREFETCH_ENABLE=1
PB13.Locked=true
Mcu.Pin0=PH0-OSC_IN (PH0)
Mcu.Pin1=PH1-OSC_OUT (PH1)
TIM3.Channel-PWM\ Generation1\ CH1=TIM_CHANNEL_1
Mcu.Pin2=PB10
Mcu.Pin3=PB11
RCC.USART3Freq_Value=80000000
Mcu.Pin4=PB13
Mcu.Pin5=PC6
ProjectManager.ProjectBuild=false
PH1-OSC_OUT\ (PH1).Mode=HSE-External-Oscillator
RCC.HSE_VALUE=16000000
NVIC.UsageFault_IRQn=true\:0\:0\:false\:false\:true\:false\:false
NVIC.DebugMonitor_IRQn=true\:0\:0\:false\:false\:true\:false\:false
NVIC.SysTick_IRQn=true\:0\:0\:false\:false\:true\:true\:true
ProjectManager.FirmwarePackage=STM32Cube FW_L4 V1.17.0
MxDb.Version=DB.6.0.21
ProjectManager.BackupPrevious=false
Dma.TIM4_CH1.1.MemInc=DMA_MINC_ENABLE
RCC.VCOInputFreq_Value=16000000
Dma.TIM3_CH1/TRIG.0.PeriphDataAlignment=DMA_PDATAALIGN_HALFWORD
Dma.TIM3_CH1/TRIG.0.Priority=DMA_PRIORITY_LOW
File.Version=6
RCC.PLLRCLKFreq_Value=80000000
NVIC.PendSV_IRQn=true\:0\:0\:false\:false\:true\:false\:false
SH.S_TIM3_CH1.0=TIM3_CH1,PWM Generation1 CH1
TIM4.Period=100-1
Dma.RequestsNb=2
ProjectManager.HalAssertFull=false
ProjectManager.ProjectName=willios_v2
PB4\ (NJTRST).Locked=true
Mcu.Package=LQFP64
ProjectManager.ToolChainLocation=
RCC.LSI_VALUE=32000
VP_SYS_VS_Systick.Signal=SYS_VS_Systick
RCC.LSCOPinFreq_Value=32000
USART3.IPParameters=VirtualMode-Asynchronous
RCC.DFSDMFreq_Value=80000000
RCC.PLLPoutputFreq_Value=22857142.85714286
SH.S_TIM4_CH1.0=TIM4_CH1,PWM Generation1 CH1
Dma.Request1=TIM4_CH1
RCC.APB1TimFreq_Value=80000000
NVIC.BusFault_IRQn=true\:0\:0\:false\:false\:true\:false\:false
RCC.LPUART1Freq_Value=80000000
Dma.TIM4_CH1.1.RequestParameters=Instance,Direction,PeriphInc,MemInc,PeriphDataAlignment,MemDataAlignment,Mode,Priority
PA13\ (JTMS-SWDIO).Signal=SYS_JTMS-SWDIO
Dma.Request0=TIM3_CH1/TRIG
PA13\ (JTMS-SWDIO).GPIOParameters=GPIO_Label
PH0-OSC_IN\ (PH0).Mode=HSE-External-Oscillator
ProjectManager.CustomerFirmwarePackage=
Dma.TIM4_CH1.1.PeriphInc=DMA_PINC_DISABLE
RCC.MSI_VALUE=4000000
RCC.PLLSourceVirtual=RCC_PLLSOURCE_HSE
TIM4.Channel-PWM\ Generation1\ CH1=TIM_CHANNEL_1
PA14\ (JTCK-SWCLK).Mode=Serial_Wire
NVIC.DMA1_Channel6_IRQn=true\:0\:0\:false\:false\:true\:false\:true
SH.S_TIM4_CH1.ConfNb=1
RCC.PLLQoutputFreq_Value=80000000
ProjectManager.ProjectFileName=willios_v2.ioc
Mcu.PinsNb=13
ProjectManager.NoMain=false
RCC.SWPMI1Freq_Value=80000000
Dma.TIM3_CH1/TRIG.0.PeriphInc=DMA_PINC_DISABLE
PC8.Signal=GPIO_Output
PC6.Signal=GPIO_Output
ProjectManager.DefaultFWLocation=true
Dma.TIM3_CH1/TRIG.0.MemInc=DMA_MINC_ENABLE
PA14\ (JTCK-SWCLK).GPIO_Label=TCK
ProjectManager.DeletePrevious=true
PB10.Locked=true
RCC.VCOSAI2OutputFreq_Value=128000000
boardIOC=true
RCC.FamilyName=M
PH1-OSC_OUT\ (PH1).Signal=RCC_OSC_OUT
PB11.Mode=Asynchronous
ProjectManager.TargetToolchain=STM32CubeIDE
TIM4.IPParameters=Channel-PWM Generation1 CH1,Period
PC6.Locked=true
ProjectManager.RegisterCallBack=
RCC.USBFreq_Value=64000000
RCC.LSE_VALUE=32768
RCC.PLLSAI1PoutputFreq_Value=18285714.285714287
PB10.Signal=USART3_TX
Dma.TIM4_CH1.1.Instance=DMA1_Channel1
RCC.PLLSAI2RoutputFreq_Value=64000000
PH1-OSC_OUT\ (PH1).Locked=true
board=NUCLEO-L476RG
RCC.VCOOutputFreq_Value=160000000
ProjectManager.LastFirmware=true
Dma.TIM4_CH1.1.Direction=DMA_MEMORY_TO_PERIPH
RCC.APB2Freq_Value=80000000
RCC.UART4Freq_Value=80000000
MxCube.Version=6.2.1
PA13\ (JTMS-SWDIO).GPIO_Label=TMS
RCC.I2C1Freq_Value=80000000
RCC.RNGFreq_Value=64000000
RCC.PLLSAI1QoutputFreq_Value=64000000
RCC.ADCFreq_Value=64000000
VP_SYS_VS_Systick.Mode=SysTick
TIM3.IPParameters=Channel-PWM Generation1 CH1,Period
NVIC.NonMaskableInt_IRQn=true\:0\:0\:false\:false\:true\:false\:false
RCC.UART5Freq_Value=80000000
Dma.TIM4_CH1.1.Mode=DMA_NORMAL
ProjectManager.FreePins=false
RCC.IPParameters=ADCFreq_Value,AHBFreq_Value,APB1Freq_Value,APB1TimFreq_Value,APB2Freq_Value,APB2TimFreq_Value,CortexFreq_Value,DFSDMFreq_Value,FCLKCortexFreq_Value,FamilyName,HCLKFreq_Value,HSE_VALUE,HSI_VALUE,I2C1Freq_Value,I2C2Freq_Value,I2C3Freq_Value,LPTIM1Freq_Value,LPTIM2Freq_Value,LPUART1Freq_Value,LSCOPinFreq_Value,LSE_VALUE,LSI_VALUE,MCO1PinFreq_Value,MSI_VALUE,PLLN,PLLPoutputFreq_Value,PLLQoutputFreq_Value,PLLRCLKFreq_Value,PLLSAI1PoutputFreq_Value,PLLSAI1QoutputFreq_Value,PLLSAI1RoutputFreq_Value,PLLSAI2PoutputFreq_Value,PLLSAI2RoutputFreq_Value,PLLSourceVirtual,PREFETCH_ENABLE,PWRFreq_Value,RNGFreq_Value,SAI1Freq_Value,SAI2Freq_Value,SDMMCFreq_Value,SWPMI1Freq_Value,SYSCLKFreq_VALUE,SYSCLKSource,UART4Freq_Value,UART5Freq_Value,USART1Freq_Value,USART2Freq_Value,USART3Freq_Value,USBFreq_Value,VCOInputFreq_Value,VCOOutputFreq_Value,VCOSAI1OutputFreq_Value,VCOSAI2OutputFreq_Value
ProjectManager.AskForMigrate=true
Mcu.Name=STM32L476R(C-E-G)Tx
RCC.LPTIM2Freq_Value=80000000
ProjectManager.UnderRoot=true
Mcu.IP6=USART3
Dma.TIM3_CH1/TRIG.0.Mode=DMA_NORMAL
ProjectManager.CoupleFile=false
PA13\ (JTMS-SWDIO).Mode=Serial_Wire
RCC.SYSCLKFreq_VALUE=80000000
PA14\ (JTCK-SWCLK).Locked=true
NVIC.ForceEnableDMAVector=true
RCC.PLLSAI2PoutputFreq_Value=18285714.285714287
KeepUserPlacement=false
Dma.TIM3_CH1/TRIG.0.Direction=DMA_MEMORY_TO_PERIPH
NVIC.MemoryManagement_IRQn=true\:0\:0\:false\:false\:true\:false\:false
ProjectManager.CompilerOptimize=6
Dma.TIM3_CH1/TRIG.0.RequestParameters=Instance,Direction,PeriphInc,MemInc,PeriphDataAlignment,MemDataAlignment,Mode,Priority
ProjectManager.HeapSize=0x200
NVIC.HardFault_IRQn=true\:0\:0\:false\:false\:true\:false\:false
SH.S_TIM3_CH1.ConfNb=1
ProjectManager.ComputerToolchain=false
RCC.HSI_VALUE=16000000
NVIC.PriorityGroup=NVIC_PRIORITYGROUP_4
Mcu.Pin11=PB6
Dma.TIM3_CH1/TRIG.0.Instance=DMA1_Channel6
Mcu.Pin12=VP_SYS_VS_Systick
RCC.PLLN=10
Mcu.Pin10=PB4 (NJTRST)
RCC.PWRFreq_Value=80000000
PC8.Locked=true
NVIC.DMA1_Channel1_IRQn=true\:0\:0\:false\:false\:true\:false\:true
RCC.I2C2Freq_Value=80000000
RCC.APB1Freq_Value=80000000
PB11.Locked=true
ProjectManager.DeviceId=STM32L476RGTx
ProjectManager.LibraryCopy=1
Dma.TIM4_CH1.1.Priority=DMA_PRIORITY_LOW
PB4\ (NJTRST).Signal=S_TIM3_CH1
isbadioc=false
